// !$*UTF8*$!
{
	archiveVersion = 1;
	classes = {
	};
	objectVersion = 56;
	objects = {

/* Begin PBXBuildFile section */
		5625F98C29FE3967007CA5C6 /* MainView.swift in Sources */ = {isa = PBXBuildFile; fileRef = 5625F98B29FE3967007CA5C6 /* MainView.swift */; };
		5625F98E29FE3F30007CA5C6 /* ViewModel.swift in Sources */ = {isa = PBXBuildFile; fileRef = 5625F98D29FE3F30007CA5C6 /* ViewModel.swift */; };
		5625F99029FE43DE007CA5C6 /* Utilities.swift in Sources */ = {isa = PBXBuildFile; fileRef = 5625F98F29FE43DE007CA5C6 /* Utilities.swift */; };
		5625F99429FE4E6C007CA5C6 /* Model.swift in Sources */ = {isa = PBXBuildFile; fileRef = 5625F99329FE4E6C007CA5C6 /* Model.swift */; };
		5640719C2A01488B00C33045 /* HeroView.swift in Sources */ = {isa = PBXBuildFile; fileRef = 5640719B2A01488B00C33045 /* HeroView.swift */; };
		564071A02A01616400C33045 /* ImageSaver.swift in Sources */ = {isa = PBXBuildFile; fileRef = 5640719F2A01616400C33045 /* ImageSaver.swift */; };
		56E2D9FF29FABD0800148AFF /* Flickr_Engine_Test_iOSApp.swift in Sources */ = {isa = PBXBuildFile; fileRef = 56E2D9FE29FABD0800148AFF /* Flickr_Engine_Test_iOSApp.swift */; };
		56E2DA0329FABD0800148AFF /* Assets.xcassets in Resources */ = {isa = PBXBuildFile; fileRef = 56E2DA0229FABD0800148AFF /* Assets.xcassets */; };
		56E2DA0629FABD0800148AFF /* Preview Assets.xcassets in Resources */ = {isa = PBXBuildFile; fileRef = 56E2DA0529FABD0800148AFF /* Preview Assets.xcassets */; };
		825C6A4C8BBBD62F31179359 /* Pods_Flickr_Engine_Test_iOS.framework in Frameworks */ = {isa = PBXBuildFile; fileRef = 0A1DDCDC6CA142041CC51191 /* Pods_Flickr_Engine_Test_iOS.framework */; };
/* End PBXBuildFile section */

/* Begin PBXFileReference section */
		09FF3674F88853145E52F3F6 /* Pods-Flickr Engine Test iOS.release.xcconfig */ = {isa = PBXFileReference; includeInIndex = 1; lastKnownFileType = text.xcconfig; name = "Pods-Flickr Engine Test iOS.release.xcconfig"; path = "Target Support Files/Pods-Flickr Engine Test iOS/Pods-Flickr Engine Test iOS.release.xcconfig"; sourceTree = "<group>"; };
		0A1DDCDC6CA142041CC51191 /* Pods_Flickr_Engine_Test_iOS.framework */ = {isa = PBXFileReference; explicitFileType = wrapper.framework; includeInIndex = 0; path = Pods_Flickr_Engine_Test_iOS.framework; sourceTree = BUILT_PRODUCTS_DIR; };
		2590BA0FD45E59B7BE5BCC0B /* Pods-Flickr Engine Test iOS.debug.xcconfig */ = {isa = PBXFileReference; includeInIndex = 1; lastKnownFileType = text.xcconfig; name = "Pods-Flickr Engine Test iOS.debug.xcconfig"; path = "Target Support Files/Pods-Flickr Engine Test iOS/Pods-Flickr Engine Test iOS.debug.xcconfig"; sourceTree = "<group>"; };
		5625F98B29FE3967007CA5C6 /* MainView.swift */ = {isa = PBXFileReference; lastKnownFileType = sourcecode.swift; path = MainView.swift; sourceTree = "<group>"; };
		5625F98D29FE3F30007CA5C6 /* ViewModel.swift */ = {isa = PBXFileReference; lastKnownFileType = sourcecode.swift; path = ViewModel.swift; sourceTree = "<group>"; };
		5625F98F29FE43DE007CA5C6 /* Utilities.swift */ = {isa = PBXFileReference; lastKnownFileType = sourcecode.swift; path = Utilities.swift; sourceTree = "<group>"; };
		5625F99329FE4E6C007CA5C6 /* Model.swift */ = {isa = PBXFileReference; lastKnownFileType = sourcecode.swift; path = Model.swift; sourceTree = "<group>"; };
		5640719B2A01488B00C33045 /* HeroView.swift */ = {isa = PBXFileReference; lastKnownFileType = sourcecode.swift; path = HeroView.swift; sourceTree = "<group>"; };
		5640719F2A01616400C33045 /* ImageSaver.swift */ = {isa = PBXFileReference; lastKnownFileType = sourcecode.swift; path = ImageSaver.swift; sourceTree = "<group>"; };
		56E2D9FB29FABD0800148AFF /* Flickr Engine Test iOS.app */ = {isa = PBXFileReference; explicitFileType = wrapper.application; includeInIndex = 0; path = "Flickr Engine Test iOS.app"; sourceTree = BUILT_PRODUCTS_DIR; };
		56E2D9FE29FABD0800148AFF /* Flickr_Engine_Test_iOSApp.swift */ = {isa = PBXFileReference; lastKnownFileType = sourcecode.swift; path = Flickr_Engine_Test_iOSApp.swift; sourceTree = "<group>"; };
		56E2DA0229FABD0800148AFF /* Assets.xcassets */ = {isa = PBXFileReference; lastKnownFileType = folder.assetcatalog; path = Assets.xcassets; sourceTree = "<group>"; };
		56E2DA0529FABD0800148AFF /* Preview Assets.xcassets */ = {isa = PBXFileReference; lastKnownFileType = folder.assetcatalog; path = "Preview Assets.xcassets"; sourceTree = "<group>"; };
/* End PBXFileReference section */

/* Begin PBXFrameworksBuildPhase section */
		56E2D9F829FABD0800148AFF /* Frameworks */ = {
			isa = PBXFrameworksBuildPhase;
			buildActionMask = 2147483647;
			files = (
				825C6A4C8BBBD62F31179359 /* Pods_Flickr_Engine_Test_iOS.framework in Frameworks */,
			);
			runOnlyForDeploymentPostprocessing = 0;
		};
/* End PBXFrameworksBuildPhase section */

/* Begin PBXGroup section */
		28A3AE4C8DCA9EF448931E8A /* Frameworks */ = {
			isa = PBXGroup;
			children = (
				0A1DDCDC6CA142041CC51191 /* Pods_Flickr_Engine_Test_iOS.framework */,
			);
			name = Frameworks;
			sourceTree = "<group>";
		};
		2E0B918AA795938AC87808BC /* Pods */ = {
			isa = PBXGroup;
			children = (
				2590BA0FD45E59B7BE5BCC0B /* Pods-Flickr Engine Test iOS.debug.xcconfig */,
				09FF3674F88853145E52F3F6 /* Pods-Flickr Engine Test iOS.release.xcconfig */,
			);
			path = Pods;
			sourceTree = "<group>";
		};
		5625F98829FE3930007CA5C6 /* Models */ = {
			isa = PBXGroup;
			children = (
				5625F99329FE4E6C007CA5C6 /* Model.swift */,
			);
			path = Models;
			sourceTree = "<group>";
		};
		5625F98929FE3938007CA5C6 /* ViewModels */ = {
			isa = PBXGroup;
			children = (
				5625F98D29FE3F30007CA5C6 /* ViewModel.swift */,
			);
			path = ViewModels;
			sourceTree = "<group>";
		};
		5625F98A29FE394D007CA5C6 /* Views */ = {
			isa = PBXGroup;
			children = (
				5625F98B29FE3967007CA5C6 /* MainView.swift */,
				5640719B2A01488B00C33045 /* HeroView.swift */,
			);
			path = Views;
			sourceTree = "<group>";
		};
		564071A12A01745C00C33045 /* Utilities */ = {
			isa = PBXGroup;
			children = (
				5625F98F29FE43DE007CA5C6 /* Utilities.swift */,
				5640719F2A01616400C33045 /* ImageSaver.swift */,
			);
			path = Utilities;
			sourceTree = "<group>";
		};
		56E2D9F229FABD0800148AFF = {
			isa = PBXGroup;
			children = (
				56E2D9FD29FABD0800148AFF /* Flickr Engine Test iOS */,
				56E2D9FC29FABD0800148AFF /* Products */,
				2E0B918AA795938AC87808BC /* Pods */,
				28A3AE4C8DCA9EF448931E8A /* Frameworks */,
			);
			sourceTree = "<group>";
		};
		56E2D9FC29FABD0800148AFF /* Products */ = {
			isa = PBXGroup;
			children = (
				56E2D9FB29FABD0800148AFF /* Flickr Engine Test iOS.app */,
			);
			name = Products;
			sourceTree = "<group>";
		};
		56E2D9FD29FABD0800148AFF /* Flickr Engine Test iOS */ = {
			isa = PBXGroup;
			children = (
				56E2D9FE29FABD0800148AFF /* Flickr_Engine_Test_iOSApp.swift */,
				5625F98829FE3930007CA5C6 /* Models */,
				5625F98929FE3938007CA5C6 /* ViewModels */,
				5625F98A29FE394D007CA5C6 /* Views */,
				564071A12A01745C00C33045 /* Utilities */,
				56E2DA0229FABD0800148AFF /* Assets.xcassets */,
				56E2DA0429FABD0800148AFF /* Preview Content */,
			);
			path = "Flickr Engine Test iOS";
			sourceTree = "<group>";
		};
		56E2DA0429FABD0800148AFF /* Preview Content */ = {
			isa = PBXGroup;
			children = (
				56E2DA0529FABD0800148AFF /* Preview Assets.xcassets */,
			);
			path = "Preview Content";
			sourceTree = "<group>";
		};
/* End PBXGroup section */

/* Begin PBXNativeTarget section */
		56E2D9FA29FABD0800148AFF /* Flickr Engine Test iOS */ = {
			isa = PBXNativeTarget;
			buildConfigurationList = 56E2DA0929FABD0800148AFF /* Build configuration list for PBXNativeTarget "Flickr Engine Test iOS" */;
			buildPhases = (
				1D211327FA5BD769D4679D9B /* [CP] Check Pods Manifest.lock */,
				56E2D9F729FABD0800148AFF /* Sources */,
				56E2D9F829FABD0800148AFF /* Frameworks */,
				56E2D9F929FABD0800148AFF /* Resources */,
				96B9B67CE47A57ED94819F8C /* [CP] Embed Pods Frameworks */,
			);
			buildRules = (
			);
			dependencies = (
			);
			name = "Flickr Engine Test iOS";
			productName = "Flickr Engine Test iOS";
			productReference = 56E2D9FB29FABD0800148AFF /* Flickr Engine Test iOS.app */;
			productType = "com.apple.product-type.application";
		};
/* End PBXNativeTarget section */

/* Begin PBXProject section */
		56E2D9F329FABD0800148AFF /* Project object */ = {
			isa = PBXProject;
			attributes = {
				BuildIndependentTargetsInParallel = 1;
				LastSwiftUpdateCheck = 1400;
				LastUpgradeCheck = 1400;
				TargetAttributes = {
					56E2D9FA29FABD0800148AFF = {
						CreatedOnToolsVersion = 14.0;
					};
				};
			};
			buildConfigurationList = 56E2D9F629FABD0800148AFF /* Build configuration list for PBXProject "Flickr Engine Test iOS" */;
			compatibilityVersion = "Xcode 14.0";
			developmentRegion = en;
			hasScannedForEncodings = 0;
			knownRegions = (
				en,
				Base,
			);
			mainGroup = 56E2D9F229FABD0800148AFF;
			productRefGroup = 56E2D9FC29FABD0800148AFF /* Products */;
			projectDirPath = "";
			projectRoot = "";
			targets = (
				56E2D9FA29FABD0800148AFF /* Flickr Engine Test iOS */,
			);
		};
/* End PBXProject section */

/* Begin PBXResourcesBuildPhase section */
		56E2D9F929FABD0800148AFF /* Resources */ = {
			isa = PBXResourcesBuildPhase;
			buildActionMask = 2147483647;
			files = (
				56E2DA0629FABD0800148AFF /* Preview Assets.xcassets in Resources */,
				56E2DA0329FABD0800148AFF /* Assets.xcassets in Resources */,
			);
			runOnlyForDeploymentPostprocessing = 0;
		};
/* End PBXResourcesBuildPhase section */

/* Begin PBXShellScriptBuildPhase section */
		1D211327FA5BD769D4679D9B /* [CP] Check Pods Manifest.lock */ = {
			isa = PBXShellScriptBuildPhase;
			buildActionMask = 2147483647;
			files = (
			);
			inputFileListPaths = (
			);
			inputPaths = (
				"${PODS_PODFILE_DIR_PATH}/Podfile.lock",
				"${PODS_ROOT}/Manifest.lock",
			);
			name = "[CP] Check Pods Manifest.lock";
			outputFileListPaths = (
			);
			outputPaths = (
				"$(DERIVED_FILE_DIR)/Pods-Flickr Engine Test iOS-checkManifestLockResult.txt",
			);
			runOnlyForDeploymentPostprocessing = 0;
			shellPath = /bin/sh;
			shellScript = "diff \"${PODS_PODFILE_DIR_PATH}/Podfile.lock\" \"${PODS_ROOT}/Manifest.lock\" > /dev/null\nif [ $? != 0 ] ; then\n    # print error to STDERR\n    echo \"error: The sandbox is not in sync with the Podfile.lock. Run 'pod install' or update your CocoaPods installation.\" >&2\n    exit 1\nfi\n# This output is used by Xcode 'outputs' to avoid re-running this script phase.\necho \"SUCCESS\" > \"${SCRIPT_OUTPUT_FILE_0}\"\n";
			showEnvVarsInLog = 0;
		};
		96B9B67CE47A57ED94819F8C /* [CP] Embed Pods Frameworks */ = {
			isa = PBXShellScriptBuildPhase;
			buildActionMask = 2147483647;
			files = (
			);
			inputFileListPaths = (
				"${PODS_ROOT}/Target Support Files/Pods-Flickr Engine Test iOS/Pods-Flickr Engine Test iOS-frameworks-${CONFIGURATION}-input-files.xcfilelist",
			);
			name = "[CP] Embed Pods Frameworks";
			outputFileListPaths = (
				"${PODS_ROOT}/Target Support Files/Pods-Flickr Engine Test iOS/Pods-Flickr Engine Test iOS-frameworks-${CONFIGURATION}-output-files.xcfilelist",
			);
			runOnlyForDeploymentPostprocessing = 0;
			shellPath = /bin/sh;
			shellScript = "\"${PODS_ROOT}/Target Support Files/Pods-Flickr Engine Test iOS/Pods-Flickr Engine Test iOS-frameworks.sh\"\n";
			showEnvVarsInLog = 0;
		};
/* End PBXShellScriptBuildPhase section */

/* Begin PBXSourcesBuildPhase section */
		56E2D9F729FABD0800148AFF /* Sources */ = {
			isa = PBXSourcesBuildPhase;
			buildActionMask = 2147483647;
			files = (
				5625F99429FE4E6C007CA5C6 /* Model.swift in Sources */,
				5625F98C29FE3967007CA5C6 /* MainView.swift in Sources */,
				5625F98E29FE3F30007CA5C6 /* ViewModel.swift in Sources */,
				564071A02A01616400C33045 /* ImageSaver.swift in Sources */,
				5625F99029FE43DE007CA5C6 /* Utilities.swift in Sources */,
				5640719C2A01488B00C33045 /* HeroView.swift in Sources */,
				56E2D9FF29FABD0800148AFF /* Flickr_Engine_Test_iOSApp.swift in Sources */,
			);
			runOnlyForDeploymentPostprocessing = 0;
		};
/* End PBXSourcesBuildPhase section */

/* Begin XCBuildConfiguration section */
		56E2DA0729FABD0800148AFF /* Debug */ = {
			isa = XCBuildConfiguration;
			buildSettings = {
				ALWAYS_SEARCH_USER_PATHS = NO;
				CLANG_ANALYZER_NONNULL = YES;
				CLANG_ANALYZER_NUMBER_OBJECT_CONVERSION = YES_AGGRESSIVE;
				CLANG_CXX_LANGUAGE_STANDARD = "gnu++20";
				CLANG_ENABLE_MODULES = YES;
				CLANG_ENABLE_OBJC_ARC = YES;
				CLANG_ENABLE_OBJC_WEAK = YES;
				CLANG_WARN_BLOCK_CAPTURE_AUTORELEASING = YES;
				CLANG_WARN_BOOL_CONVERSION = YES;
				CLANG_WARN_COMMA = YES;
				CLANG_WARN_CONSTANT_CONVERSION = YES;
				CLANG_WARN_DEPRECATED_OBJC_IMPLEMENTATIONS = YES;
				CLANG_WARN_DIRECT_OBJC_ISA_USAGE = YES_ERROR;
				CLANG_WARN_DOCUMENTATION_COMMENTS = YES;
				CLANG_WARN_EMPTY_BODY = YES;
				CLANG_WARN_ENUM_CONVERSION = YES;
				CLANG_WARN_INFINITE_RECURSION = YES;
				CLANG_WARN_INT_CONVERSION = YES;
				CLANG_WARN_NON_LITERAL_NULL_CONVERSION = YES;
				CLANG_WARN_OBJC_IMPLICIT_RETAIN_SELF = YES;
				CLANG_WARN_OBJC_LITERAL_CONVERSION = YES;
				CLANG_WARN_OBJC_ROOT_CLASS = YES_ERROR;
				CLANG_WARN_QUOTED_INCLUDE_IN_FRAMEWORK_HEADER = YES;
				CLANG_WARN_RANGE_LOOP_ANALYSIS = YES;
				CLANG_WARN_STRICT_PROTOTYPES = YES;
				CLANG_WARN_SUSPICIOUS_MOVE = YES;
				CLANG_WARN_UNGUARDED_AVAILABILITY = YES_AGGRESSIVE;
				CLANG_WARN_UNREACHABLE_CODE = YES;
				CLANG_WARN__DUPLICATE_METHOD_MATCH = YES;
				COPY_PHASE_STRIP = NO;
				DEBUG_INFORMATION_FORMAT = dwarf;
				ENABLE_STRICT_OBJC_MSGSEND = YES;
				ENABLE_TESTABILITY = YES;
				GCC_C_LANGUAGE_STANDARD = gnu11;
				GCC_DYNAMIC_NO_PIC = NO;
				GCC_NO_COMMON_BLOCKS = YES;
				GCC_OPTIMIZATION_LEVEL = 0;
				GCC_PREPROCESSOR_DEFINITIONS = (
					"DEBUG=1",
					"$(inherited)",
				);
				GCC_WARN_64_TO_32_BIT_CONVERSION = YES;
				GCC_WARN_ABOUT_RETURN_TYPE = YES_ERROR;
				GCC_WARN_UNDECLARED_SELECTOR = YES;
				GCC_WARN_UNINITIALIZED_AUTOS = YES_AGGRESSIVE;
				GCC_WARN_UNUSED_FUNCTION = YES;
				GCC_WARN_UNUSED_VARIABLE = YES;
				IPHONEOS_DEPLOYMENT_TARGET = 15.0;
				MTL_ENABLE_DEBUG_INFO = INCLUDE_SOURCE;
				MTL_FAST_MATH = YES;
				ONLY_ACTIVE_ARCH = YES;
				SDKROOT = iphoneos;
				SWIFT_ACTIVE_COMPILATION_CONDITIONS = DEBUG;
				SWIFT_OPTIMIZATION_LEVEL = "-Onone";
			};
			name = Debug;
		};
		56E2DA0829FABD0800148AFF /* Release */ = {
			isa = XCBuildConfiguration;
			buildSettings = {
				ALWAYS_SEARCH_USER_PATHS = NO;
				CLANG_ANALYZER_NONNULL = YES;
				CLANG_ANALYZER_NUMBER_OBJECT_CONVERSION = YES_AGGRESSIVE;
				CLANG_CXX_LANGUAGE_STANDARD = "gnu++20";
				CLANG_ENABLE_MODULES = YES;
				CLANG_ENABLE_OBJC_ARC = YES;
				CLANG_ENABLE_OBJC_WEAK = YES;
				CLANG_WARN_BLOCK_CAPTURE_AUTORELEASING = YES;
				CLANG_WARN_BOOL_CONVERSION = YES;
				CLANG_WARN_COMMA = YES;
				CLANG_WARN_CONSTANT_CONVERSION = YES;
				CLANG_WARN_DEPRECATED_OBJC_IMPLEMENTATIONS = YES;
				CLANG_WARN_DIRECT_OBJC_ISA_USAGE = YES_ERROR;
				CLANG_WARN_DOCUMENTATION_COMMENTS = YES;
				CLANG_WARN_EMPTY_BODY = YES;
				CLANG_WARN_ENUM_CONVERSION = YES;
				CLANG_WARN_INFINITE_RECURSION = YES;
				CLANG_WARN_INT_CONVERSION = YES;
				CLANG_WARN_NON_LITERAL_NULL_CONVERSION = YES;
				CLANG_WARN_OBJC_IMPLICIT_RETAIN_SELF = YES;
				CLANG_WARN_OBJC_LITERAL_CONVERSION = YES;
				CLANG_WARN_OBJC_ROOT_CLASS = YES_ERROR;
				CLANG_WARN_QUOTED_INCLUDE_IN_FRAMEWORK_HEADER = YES;
				CLANG_WARN_RANGE_LOOP_ANALYSIS = YES;
				CLANG_WARN_STRICT_PROTOTYPES = YES;
				CLANG_WARN_SUSPICIOUS_MOVE = YES;
				CLANG_WARN_UNGUARDED_AVAILABILITY = YES_AGGRESSIVE;
				CLANG_WARN_UNREACHABLE_CODE = YES;
				CLANG_WARN__DUPLICATE_METHOD_MATCH = YES;
				COPY_PHASE_STRIP = NO;
				DEBUG_INFORMATION_FORMAT = "dwarf-with-dsym";
				ENABLE_NS_ASSERTIONS = NO;
				ENABLE_STRICT_OBJC_MSGSEND = YES;
				GCC_C_LANGUAGE_STANDARD = gnu11;
				GCC_NO_COMMON_BLOCKS = YES;
				GCC_WARN_64_TO_32_BIT_CONVERSION = YES;
				GCC_WARN_ABOUT_RETURN_TYPE = YES_ERROR;
				GCC_WARN_UNDECLARED_SELECTOR = YES;
				GCC_WARN_UNINITIALIZED_AUTOS = YES_AGGRESSIVE;
				GCC_WARN_UNUSED_FUNCTION = YES;
				GCC_WARN_UNUSED_VARIABLE = YES;
				IPHONEOS_DEPLOYMENT_TARGET = 15.0;
				MTL_ENABLE_DEBUG_INFO = NO;
				MTL_FAST_MATH = YES;
				SDKROOT = iphoneos;
				SWIFT_COMPILATION_MODE = wholemodule;
				SWIFT_OPTIMIZATION_LEVEL = "-O";
				VALIDATE_PRODUCT = YES;
			};
			name = Release;
		};
		56E2DA0A29FABD0800148AFF /* Debug */ = {
			isa = XCBuildConfiguration;
			baseConfigurationReference = 2590BA0FD45E59B7BE5BCC0B /* Pods-Flickr Engine Test iOS.debug.xcconfig */;
			buildSettings = {
				ASSETCATALOG_COMPILER_APPICON_NAME = AppIcon;
				ASSETCATALOG_COMPILER_GLOBAL_ACCENT_COLOR_NAME = AccentColor;
				CODE_SIGN_STYLE = Automatic;
				CURRENT_PROJECT_VERSION = 1;
				DEVELOPMENT_ASSET_PATHS = "\"Flickr Engine Test iOS/Preview Content\"";
				DEVELOPMENT_TEAM = Y69Z2NJ2YU;
				ENABLE_PREVIEWS = YES;
				GENERATE_INFOPLIST_FILE = YES;
				INFOPLIST_KEY_NSPhotoLibraryAddUsageDescription = "Access required to save image to Photo Library.";
				INFOPLIST_KEY_UIApplicationSceneManifest_Generation = YES;
				INFOPLIST_KEY_UIApplicationSupportsIndirectInputEvents = YES;
				INFOPLIST_KEY_UILaunchScreen_Generation = YES;
				INFOPLIST_KEY_UISupportedInterfaceOrientations_iPad = "UIInterfaceOrientationPortrait UIInterfaceOrientationPortraitUpsideDown UIInterfaceOrientationLandscapeLeft UIInterfaceOrientationLandscapeRight";
				INFOPLIST_KEY_UISupportedInterfaceOrientations_iPhone = "UIInterfaceOrientationPortrait UIInterfaceOrientationLandscapeLeft UIInterfaceOrientationLandscapeRight";
				IPHONEOS_DEPLOYMENT_TARGET = 15.0;
				LD_RUNPATH_SEARCH_PATHS = (
					"$(inherited)",
					"@executable_path/Frameworks",
				);
				MARKETING_VERSION = 1.0;
				PRODUCT_BUNDLE_IDENTIFIER = "com.CheeVoon.Flickr-Engine-Test-iOS";
				PRODUCT_NAME = "$(TARGET_NAME)";
				SWIFT_EMIT_LOC_STRINGS = YES;
				SWIFT_VERSION = 5.0;
				TARGETED_DEVICE_FAMILY = "1,2";
			};
			name = Debug;
		};
		56E2DA0B29FABD0800148AFF /* Release */ = {
			isa = XCBuildConfiguration;
			baseConfigurationReference = 09FF3674F88853145E52F3F6 /* Pods-Flickr Engine Test iOS.release.xcconfig */;
			buildSettings = {
				ASSETCATALOG_COMPILER_APPICON_NAME = AppIcon;
				ASSETCATALOG_COMPILER_GLOBAL_ACCENT_COLOR_NAME = AccentColor;
				CODE_SIGN_STYLE = Automatic;
				CURRENT_PROJECT_VERSION = 1;
				DEVELOPMENT_ASSET_PATHS = "\"Flickr Engine Test iOS/Preview Content\"";
				DEVELOPMENT_TEAM = Y69Z2NJ2YU;
				ENABLE_PREVIEWS = YES;
				GENERATE_INFOPLIST_FILE = YES;
				INFOPLIST_KEY_NSPhotoLibraryAddUsageDescription = "Access required to save image to Photo Library.";
				INFOPLIST_KEY_UIApplicationSceneManifest_Generation = YES;
				INFOPLIST_KEY_UIApplicationSupportsIndirectInputEvents = YES;
				INFOPLIST_KEY_UILaunchScreen_Generation = YES;
				INFOPLIST_KEY_UISupportedInterfaceOrientations_iPad = "UIInterfaceOrientationPortrait UIInterfaceOrientationPortraitUpsideDown UIInterfaceOrientationLandscapeLeft UIInterfaceOrientationLandscapeRight";
				INFOPLIST_KEY_UISupportedInterfaceOrientations_iPhone = "UIInterfaceOrientationPortrait UIInterfaceOrientationLandscapeLeft UIInterfaceOrientationLandscapeRight";
				IPHONEOS_DEPLOYMENT_TARGET = 15.0;
				LD_RUNPATH_SEARCH_PATHS = (
					"$(inherited)",
					"@executable_path/Frameworks",
				);
				MARKETING_VERSION = 1.0;
				PRODUCT_BUNDLE_IDENTIFIER = "com.CheeVoon.Flickr-Engine-Test-iOS";
				PRODUCT_NAME = "$(TARGET_NAME)";
				SWIFT_EMIT_LOC_STRINGS = YES;
				SWIFT_VERSION = 5.0;
				TARGETED_DEVICE_FAMILY = "1,2";
			};
			name = Release;
		};
/* End XCBuildConfiguration section */

/* Begin XCConfigurationList section */
		56E2D9F629FABD0800148AFF /* Build configuration list for PBXProject "Flickr Engine Test iOS" */ = {
			isa = XCConfigurationList;
			buildConfigurations = (
				56E2DA0729FABD0800148AFF /* Debug */,
				56E2DA0829FABD0800148AFF /* Release */,
			);
			defaultConfigurationIsVisible = 0;
			defaultConfigurationName = Release;
		};
		56E2DA0929FABD0800148AFF /* Build configuration list for PBXNativeTarget "Flickr Engine Test iOS" */ = {
			isa = XCConfigurationList;
			buildConfigurations = (
				56E2DA0A29FABD0800148AFF /* Debug */,
				56E2DA0B29FABD0800148AFF /* Release */,
			);
			defaultConfigurationIsVisible = 0;
			defaultConfigurationName = Release;
		};
/* End XCConfigurationList section */
	};
	rootObject = 56E2D9F329FABD0800148AFF /* Project object */;
}
